
Microsoft Visual Studio Solution File, Format Version 12.00
# Visual Studio Version 16
VisualStudioVersion = 25.0.1704.2
MinimumVisualStudioVersion = 10.0.40219.1
Project("{FAE04EC0-301F-11D3-BF4B-00C04F79EFBC}") = "GenericsDemo", "GenericsDemo\GenericsDemo.csproj", "{54D237E2-A5B5-47C4-8D18-84272ABF0509}"
EndProject
Project("{FAE04EC0-301F-11D3-BF4B-00C04F79EFBC}") = "FindMaximumNumber", "FindMaximumNumber\FindMaximumNumber.csproj", "{A293A159-BA13-4A02-A6B2-1F588EA4EEE0}"
EndProject
Global
	GlobalSection(SolutionConfigurationPlatforms) = preSolution
		Debug|Any CPU = Debug|Any CPU
		Release|Any CPU = Release|Any CPU
	EndGlobalSection
	GlobalSection(ProjectConfigurationPlatforms) = postSolution
		{54D237E2-A5B5-47C4-8D18-84272ABF0509}.Debug|Any CPU.ActiveCfg = Debug|Any CPU
		{54D237E2-A5B5-47C4-8D18-84272ABF0509}.Debug|Any CPU.Build.0 = Debug|Any CPU
		{54D237E2-A5B5-47C4-8D18-84272ABF0509}.Release|Any CPU.ActiveCfg = Release|Any CPU
		{54D237E2-A5B5-47C4-8D18-84272ABF0509}.Release|Any CPU.Build.0 = Release|Any CPU
		{A293A159-BA13-4A02-A6B2-1F588EA4EEE0}.Debug|Any CPU.ActiveCfg = Debug|Any CPU
		{A293A159-BA13-4A02-A6B2-1F588EA4EEE0}.Debug|Any CPU.Build.0 = Debug|Any CPU
		{A293A159-BA13-4A02-A6B2-1F588EA4EEE0}.Release|Any CPU.ActiveCfg = Release|Any CPU
		{A293A159-BA13-4A02-A6B2-1F588EA4EEE0}.Release|Any CPU.Build.0 = Release|Any CPU
	EndGlobalSection
	GlobalSection(SolutionProperties) = preSolution
		HideSolutionNode = FALSE
	EndGlobalSection
	GlobalSection(ExtensibilityGlobals) = postSolution
		SolutionGuid = {77757C55-7717-4022-8C58-F9A30BE4011D}
	EndGlobalSection
EndGlobal
